
Microsoft Visual Studio Solution File, Format Version 12.00
# Visual Studio 15
VisualStudioVersion = 15.0.27703.2026
MinimumVisualStudioVersion = 10.0.40219.1
Project("{FAE04EC0-301F-11D3-BF4B-00C04F79EFBC}") = "PostMessageAsyncv2", "PostMessageAsyncv2\PostMessageAsyncv2.csproj", "{71658D9D-03E2-447C-A39B-437F0C27C095}"
EndProject
Global
	GlobalSection(SolutionConfigurationPlatforms) = preSolution
		Debug|Any CPU = Debug|Any CPU
		Release|Any CPU = Release|Any CPU
	EndGlobalSection
	GlobalSection(ProjectConfigurationPlatforms) = postSolution
		{71658D9D-03E2-447C-A39B-437F0C27C095}.Debug|Any CPU.ActiveCfg = Debug|Any CPU
		{71658D9D-03E2-447C-A39B-437F0C27C095}.Debug|Any CPU.Build.0 = Debug|Any CPU
		{71658D9D-03E2-447C-A39B-437F0C27C095}.Release|Any CPU.ActiveCfg = Release|Any CPU
		{71658D9D-03E2-447C-A39B-437F0C27C095}.Release|Any CPU.Build.0 = Release|Any CPU
	EndGlobalSection
	GlobalSection(SolutionProperties) = preSolution
		HideSolutionNode = FALSE
	EndGlobalSection
	GlobalSection(ExtensibilityGlobals) = postSolution
		SolutionGuid = {276193B7-5EC2-4F2A-B4D9-E6B84C389D94}
	EndGlobalSection
EndGlobal
